{
  "requires": true,
  "lockfileVersion": 1,
  "dependencies": {
    "fault": {
      "version": "1.0.2",
      "resolved": "http://registry.npm.taobao.org/fault/download/fault-1.0.2.tgz",
      "integrity": "sha1-w9D+wgLxcqOk1BQEKtK7Xio/+6o=",
      "requires": {
        "format": "^0.2.2"
      }
    },
    "format": {
      "version": "0.2.2",
      "resolved": "http://registry.npm.taobao.org/format/download/format-0.2.2.tgz",
      "integrity": "sha1-1hcBB+nv3E7TDJ3DkBbflCtctYs="
    },
    "highlight.js": {
      "version": "9.15.6",
      "resolved": "http://registry.npm.taobao.org/highlight.js/download/highlight.js-9.15.6.tgz",
      "integrity": "sha1-ctTY13nsBmr5oXyxQ2DD3vCqV8Q="
    },
    "lowlight": {
      "version": "1.12.0",
      "resolved": "http://registry.npm.taobao.org/lowlight/download/lowlight-1.12.0.tgz",
      "integrity": "sha1-noUcFs3rlT7vrXtMNvmoEoRNwUM=",
      "requires": {
        "fault": "^1.0.2",
        "highlight.js": "~9.15.0"
      }
    },
    "orderedmap": {
      "version": "1.0.0",
      "resolved": "http://registry.npm.taobao.org/orderedmap/download/orderedmap-1.0.0.tgz",
      "integrity": "sha1-2Q/Cuh7QhRkJB9YB3sbmpT+NQbo="
    },
    "prosemirror-commands": {
      "version": "1.0.7",
      "resolved": "http://registry.npm.taobao.org/prosemirror-commands/download/prosemirror-commands-1.0.7.tgz",
      "integrity": "sha1-5aK6gh4p6nBlyIJ3/iw9f2sLnTc=",
      "requires": {
        "prosemirror-model": "^1.0.0",
        "prosemirror-state": "^1.0.0",
        "prosemirror-transform": "^1.0.0"
      }
    },
    "prosemirror-dropcursor": {
      "version": "1.1.1",
      "resolved": "http://registry.npm.taobao.org/prosemirror-dropcursor/download/prosemirror-dropcursor-1.1.1.tgz",
      "integrity": "sha1-xg7R7WxYgEoGp12wag2ZOwh7diI=",
      "requires": {
        "prosemirror-state": "^1.0.0",
        "prosemirror-transform": "^1.1.0",
        "prosemirror-view": "^1.1.0"
      }
    },
    "prosemirror-gapcursor": {
      "version": "1.0.3",
      "resolved": "http://registry.npm.taobao.org/prosemirror-gapcursor/download/prosemirror-gapcursor-1.0.3.tgz",
      "integrity": "sha1-rMZTf8WjXps4lm+RoZmjgt/HFcQ=",
      "requires": {
        "prosemirror-keymap": "^1.0.0",
        "prosemirror-model": "^1.0.0",
        "prosemirror-state": "^1.0.0",
        "prosemirror-view": "^1.0.0"
      }
    },
    "prosemirror-history": {
      "version": "1.0.4",
      "resolved": "http://registry.npm.taobao.org/prosemirror-history/download/prosemirror-history-1.0.4.tgz",
      "integrity": "sha1-MToVSJp4eVMh86N9U9jGhhDFrbY=",
      "requires": {
        "prosemirror-state": "^1.2.2",
        "prosemirror-transform": "^1.0.0",
        "rope-sequence": "^1.2.0"
      }
    },
    "prosemirror-inputrules": {
      "version": "1.0.1",
      "resolved": "http://registry.npm.taobao.org/prosemirror-inputrules/download/prosemirror-inputrules-1.0.1.tgz",
      "integrity": "sha1-9jMF/ZZjefIY6CynaiqbMotm3Hs=",
      "requires": {
        "prosemirror-state": "^1.0.0",
        "prosemirror-transform": "^1.0.0"
      }
    },
    "prosemirror-keymap": {
      "version": "1.0.1",
      "resolved": "http://registry.npm.taobao.org/prosemirror-keymap/download/prosemirror-keymap-1.0.1.tgz",
      "integrity": "sha1-A+8yuCjjqFnftXDrhJKL8uUzC8I=",
      "requires": {
        "prosemirror-state": "^1.0.0",
        "w3c-keyname": "^1.1.8"
      }
    },
    "prosemirror-model": {
      "version": "1.7.0",
      "resolved": "http://registry.npm.taobao.org/prosemirror-model/download/prosemirror-model-1.7.0.tgz",
      "integrity": "sha1-H94P18svnq0L4Vga2fBFkwAqZao=",
      "requires": {
        "orderedmap": "^1.0.0"
      }
    },
    "prosemirror-schema-list": {
      "version": "1.0.2",
      "resolved": "http://registry.npm.taobao.org/prosemirror-schema-list/download/prosemirror-schema-list-1.0.2.tgz",
      "integrity": "sha1-g4H7DB6vQ52EgFn2Li+sUXAzwu8=",
      "requires": {
        "prosemirror-model": "^1.0.0",
        "prosemirror-transform": "^1.0.0"
      }
    },
    "prosemirror-state": {
      "version": "1.2.2",
      "resolved": "http://registry.npm.taobao.org/prosemirror-state/download/prosemirror-state-1.2.2.tgz",
      "integrity": "sha1-jfJtlf1v0yfA+ZhKdg6E2GMgQVQ=",
      "requires": {
        "prosemirror-model": "^1.0.0",
        "prosemirror-transform": "^1.0.0"
      }
    },
    "prosemirror-tables": {
      "version": "0.7.10",
      "resolved": "http://registry.npm.taobao.org/prosemirror-tables/download/prosemirror-tables-0.7.10.tgz",
      "integrity": "sha1-Sw9iNCK0uPhM3JxVn4qHV5hGs7o=",
      "requires": {
        "prosemirror-keymap": "^1.0.0",
        "prosemirror-model": "^1.0.0",
        "prosemirror-state": "^1.0.0",
        "prosemirror-transform": "^1.0.0",
        "prosemirror-view": "^1.0.0"
      }
    },
    "prosemirror-transform": {
      "version": "1.1.3",
      "resolved": "http://registry.npm.taobao.org/prosemirror-transform/download/prosemirror-transform-1.1.3.tgz",
      "integrity": "sha1-KM/fH57lFO3EBGa+e32znu1UX98=",
      "requires": {
        "prosemirror-model": "^1.0.0"
      }
    },
    "prosemirror-utils": {
      "version": "0.7.7",
      "resolved": "http://registry.npm.taobao.org/prosemirror-utils/download/prosemirror-utils-0.7.7.tgz",
      "integrity": "sha1-qb2iRoET0083IboV6qL9BLgdfcg="
    },
    "prosemirror-view": {
      "version": "1.8.4",
      "resolved": "http://registry.npm.taobao.org/prosemirror-view/download/prosemirror-view-1.8.4.tgz",
      "integrity": "sha1-aTHAYQ26Qn63uwxGhpFa/7ZrXqg=",
      "requires": {
        "prosemirror-model": "^1.1.0",
        "prosemirror-state": "^1.0.0",
        "prosemirror-transform": "^1.1.0"
      }
    },
    "rope-sequence": {
      "version": "1.2.2",
      "resolved": "http://registry.npm.taobao.org/rope-sequence/download/rope-sequence-1.2.2.tgz",
      "integrity": "sha1-ScTlwvVKSOmQsFCSZ3HihxvLMc4="
    },
    "tiptap": {
      "version": "1.14.0",
      "resolved": "http://registry.npm.taobao.org/tiptap/download/tiptap-1.14.0.tgz",
      "integrity": "sha1-jdhLGZUz4I8NzDSznVF+pz4g+5U=",
      "requires": {
        "prosemirror-commands": "^1.0.7",
        "prosemirror-dropcursor": "^1.1.1",
        "prosemirror-gapcursor": "^1.0.3",
        "prosemirror-inputrules": "^1.0.1",
        "prosemirror-keymap": "^1.0.1",
        "prosemirror-model": "^1.7.0",
        "prosemirror-state": "^1.2.1",
        "prosemirror-view": "^1.8.3",
        "tiptap-commands": "^1.7.0",
        "tiptap-utils": "^1.3.0"
      }
    },
    "tiptap-commands": {
      "version": "1.7.0",
      "resolved": "http://registry.npm.taobao.org/tiptap-commands/download/tiptap-commands-1.7.0.tgz",
      "integrity": "sha1-0VzsLLCSZLXB9vcS2riBm7mrfhM=",
      "requires": {
        "prosemirror-commands": "^1.0.7",
        "prosemirror-inputrules": "^1.0.1",
        "prosemirror-schema-list": "^1.0.2",
        "prosemirror-state": "^1.2.2",
        "tiptap-utils": "^1.3.0"
      }
    },
    "tiptap-extensions": {
      "version": "1.14.0",
      "resolved": "http://registry.npm.taobao.org/tiptap-extensions/download/tiptap-extensions-1.14.0.tgz",
      "integrity": "sha1-VRev0cpVZxWozObAIsiFhKdiAEo=",
      "requires": {
        "lowlight": "^1.11.0",
        "prosemirror-history": "^1.0.4",
        "prosemirror-state": "^1.2.2",
        "prosemirror-tables": "^0.7.10",
        "prosemirror-utils": "^0.7.6",
        "prosemirror-view": "^1.8.3",
        "tiptap": "^1.14.0",
        "tiptap-commands": "^1.7.0"
      }
    },
    "tiptap-utils": {
      "version": "1.3.0",
      "resolved": "http://registry.npm.taobao.org/tiptap-utils/download/tiptap-utils-1.3.0.tgz",
      "integrity": "sha1-v8d89XwHzVwfHTP2XvlMQZBQa3c=",
      "requires": {
        "prosemirror-model": "^1.7.0",
        "prosemirror-state": "^1.2.2",
        "prosemirror-tables": "^0.7.9",
        "prosemirror-utils": "^0.7.6"
      }
    },
    "w3c-keyname": {
      "version": "1.1.8",
      "resolved": "http://registry.npm.taobao.org/w3c-keyname/download/w3c-keyname-1.1.8.tgz",
      "integrity": "sha1-TiIZZjdg/WU1t6FVDxVS1x/JNyw="
    }
  }
}
